
Microsoft Visual Studio Solution File, Format Version 12.00
# Visual Studio Version 17
VisualStudioVersion = 17.0.32112.339
MinimumVisualStudioVersion = 10.0.40219.1
Project("{FAE04EC0-301F-11D3-BF4B-00C04F79EFBC}") = "MileageTest.Android", "MileageTest\MileageTest.Android\MileageTest.Android.csproj", "{4BE3B962-8E85-4449-92AF-3C961245C25F}"
EndProject
Project("{FAE04EC0-301F-11D3-BF4B-00C04F79EFBC}") = "MileageTest.iOS", "MileageTest\MileageTest.iOS\MileageTest.iOS.csproj", "{726BEDA7-5E32-4855-BE39-B58C6BD7AB06}"
EndProject
Project("{9A19103F-16F7-4668-BE54-9A1E7A4F7556}") = "MileageTest", "MileageTest\MileageTest\MileageTest.csproj", "{7F782CFB-C7DD-4376-9875-EA0D16F8BD32}"
EndProject
Global
	GlobalSection(SolutionConfigurationPlatforms) = preSolution
		Ad-Hoc|Any CPU = Ad-Hoc|Any CPU
		Ad-Hoc|iPhone = Ad-Hoc|iPhone
		Ad-Hoc|iPhoneSimulator = Ad-Hoc|iPhoneSimulator
		AppStore|Any CPU = AppStore|Any CPU
		AppStore|iPhone = AppStore|iPhone
		AppStore|iPhoneSimulator = AppStore|iPhoneSimulator
		Debug|Any CPU = Debug|Any CPU
		Debug|iPhone = Debug|iPhone
		Debug|iPhoneSimulator = Debug|iPhoneSimulator
		Release|Any CPU = Release|Any CPU
		Release|iPhone = Release|iPhone
		Release|iPhoneSimulator = Release|iPhoneSimulator
	EndGlobalSection
	GlobalSection(ProjectConfigurationPlatforms) = postSolution
		{4BE3B962-8E85-4449-92AF-3C961245C25F}.Ad-Hoc|Any CPU.ActiveCfg = Ad-Hoc|Any CPU
		{4BE3B962-8E85-4449-92AF-3C961245C25F}.Ad-Hoc|Any CPU.Build.0 = Ad-Hoc|Any CPU
		{4BE3B962-8E85-4449-92AF-3C961245C25F}.Ad-Hoc|Any CPU.Deploy.0 = Ad-Hoc|Any CPU
		{4BE3B962-8E85-4449-92AF-3C961245C25F}.Ad-Hoc|iPhone.ActiveCfg = Ad-Hoc|Any CPU
		{4BE3B962-8E85-4449-92AF-3C961245C25F}.Ad-Hoc|iPhone.Build.0 = Ad-Hoc|Any CPU
		{4BE3B962-8E85-4449-92AF-3C961245C25F}.Ad-Hoc|iPhone.Deploy.0 = Ad-Hoc|Any CPU
		{4BE3B962-8E85-4449-92AF-3C961245C25F}.Ad-Hoc|iPhoneSimulator.ActiveCfg = Ad-Hoc|Any CPU
		{4BE3B962-8E85-4449-92AF-3C961245C25F}.Ad-Hoc|iPhoneSimulator.Build.0 = Ad-Hoc|Any CPU
		{4BE3B962-8E85-4449-92AF-3C961245C25F}.Ad-Hoc|iPhoneSimulator.Deploy.0 = Ad-Hoc|Any CPU
		{4BE3B962-8E85-4449-92AF-3C961245C25F}.AppStore|Any CPU.ActiveCfg = AppStore|Any CPU
		{4BE3B962-8E85-4449-92AF-3C961245C25F}.AppStore|Any CPU.Build.0 = AppStore|Any CPU
		{4BE3B962-8E85-4449-92AF-3C961245C25F}.AppStore|Any CPU.Deploy.0 = AppStore|Any CPU
		{4BE3B962-8E85-4449-92AF-3C961245C25F}.AppStore|iPhone.ActiveCfg = AppStore|Any CPU
		{4BE3B962-8E85-4449-92AF-3C961245C25F}.AppStore|iPhone.Build.0 = AppStore|Any CPU
		{4BE3B962-8E85-4449-92AF-3C961245C25F}.AppStore|iPhone.Deploy.0 = AppStore|Any CPU
		{4BE3B962-8E85-4449-92AF-3C961245C25F}.AppStore|iPhoneSimulator.ActiveCfg = AppStore|Any CPU
		{4BE3B962-8E85-4449-92AF-3C961245C25F}.AppStore|iPhoneSimulator.Build.0 = AppStore|Any CPU
		{4BE3B962-8E85-4449-92AF-3C961245C25F}.AppStore|iPhoneSimulator.Deploy.0 = AppStore|Any CPU
		{4BE3B962-8E85-4449-92AF-3C961245C25F}.Debug|Any CPU.ActiveCfg = Debug|Any CPU
		{4BE3B962-8E85-4449-92AF-3C961245C25F}.Debug|Any CPU.Build.0 = Debug|Any CPU
		{4BE3B962-8E85-4449-92AF-3C961245C25F}.Debug|Any CPU.Deploy.0 = Debug|Any CPU
		{4BE3B962-8E85-4449-92AF-3C961245C25F}.Debug|iPhone.ActiveCfg = Debug|Any CPU
		{4BE3B962-8E85-4449-92AF-3C961245C25F}.Debug|iPhone.Build.0 = Debug|Any CPU
		{4BE3B962-8E85-4449-92AF-3C961245C25F}.Debug|iPhone.Deploy.0 = Debug|Any CPU
		{4BE3B962-8E85-4449-92AF-3C961245C25F}.Debug|iPhoneSimulator.ActiveCfg = Debug|Any CPU
		{4BE3B962-8E85-4449-92AF-3C961245C25F}.Debug|iPhoneSimulator.Build.0 = Debug|Any CPU
		{4BE3B962-8E85-4449-92AF-3C961245C25F}.Debug|iPhoneSimulator.Deploy.0 = Debug|Any CPU
		{4BE3B962-8E85-4449-92AF-3C961245C25F}.Release|Any CPU.ActiveCfg = Release|Any CPU
		{4BE3B962-8E85-4449-92AF-3C961245C25F}.Release|Any CPU.Build.0 = Release|Any CPU
		{4BE3B962-8E85-4449-92AF-3C961245C25F}.Release|Any CPU.Deploy.0 = Release|Any CPU
		{4BE3B962-8E85-4449-92AF-3C961245C25F}.Release|iPhone.ActiveCfg = Release|Any CPU
		{4BE3B962-8E85-4449-92AF-3C961245C25F}.Release|iPhone.Build.0 = Release|Any CPU
		{4BE3B962-8E85-4449-92AF-3C961245C25F}.Release|iPhone.Deploy.0 = Release|Any CPU
		{4BE3B962-8E85-4449-92AF-3C961245C25F}.Release|iPhoneSimulator.ActiveCfg = Release|Any CPU
		{4BE3B962-8E85-4449-92AF-3C961245C25F}.Release|iPhoneSimulator.Build.0 = Release|Any CPU
		{4BE3B962-8E85-4449-92AF-3C961245C25F}.Release|iPhoneSimulator.Deploy.0 = Release|Any CPU
		{726BEDA7-5E32-4855-BE39-B58C6BD7AB06}.Ad-Hoc|Any CPU.ActiveCfg = Ad-Hoc|iPhoneSimulator
		{726BEDA7-5E32-4855-BE39-B58C6BD7AB06}.Ad-Hoc|Any CPU.Build.0 = Ad-Hoc|iPhoneSimulator
		{726BEDA7-5E32-4855-BE39-B58C6BD7AB06}.Ad-Hoc|iPhone.ActiveCfg = Ad-Hoc|iPhone
		{726BEDA7-5E32-4855-BE39-B58C6BD7AB06}.Ad-Hoc|iPhone.Build.0 = Ad-Hoc|iPhone
		{726BEDA7-5E32-4855-BE39-B58C6BD7AB06}.Ad-Hoc|iPhoneSimulator.ActiveCfg = Ad-Hoc|iPhoneSimulator
		{726BEDA7-5E32-4855-BE39-B58C6BD7AB06}.Ad-Hoc|iPhoneSimulator.Build.0 = Ad-Hoc|iPhoneSimulator
		{726BEDA7-5E32-4855-BE39-B58C6BD7AB06}.AppStore|Any CPU.ActiveCfg = AppStore|iPhoneSimulator
		{726BEDA7-5E32-4855-BE39-B58C6BD7AB06}.AppStore|Any CPU.Build.0 = AppStore|iPhoneSimulator
		{726BEDA7-5E32-4855-BE39-B58C6BD7AB06}.AppStore|iPhone.ActiveCfg = AppStore|iPhone
		{726BEDA7-5E32-4855-BE39-B58C6BD7AB06}.AppStore|iPhone.Build.0 = AppStore|iPhone
		{726BEDA7-5E32-4855-BE39-B58C6BD7AB06}.AppStore|iPhoneSimulator.ActiveCfg = AppStore|iPhoneSimulator
		{726BEDA7-5E32-4855-BE39-B58C6BD7AB06}.AppStore|iPhoneSimulator.Build.0 = AppStore|iPhoneSimulator
		{726BEDA7-5E32-4855-BE39-B58C6BD7AB06}.Debug|Any CPU.ActiveCfg = Debug|iPhone
		{726BEDA7-5E32-4855-BE39-B58C6BD7AB06}.Debug|Any CPU.Build.0 = Debug|iPhone
		{726BEDA7-5E32-4855-BE39-B58C6BD7AB06}.Debug|Any CPU.Deploy.0 = Debug|iPhone
		{726BEDA7-5E32-4855-BE39-B58C6BD7AB06}.Debug|iPhone.ActiveCfg = Debug|iPhone
		{726BEDA7-5E32-4855-BE39-B58C6BD7AB06}.Debug|iPhone.Build.0 = Debug|iPhone
		{726BEDA7-5E32-4855-BE39-B58C6BD7AB06}.Debug|iPhone.Deploy.0 = Debug|iPhone
		{726BEDA7-5E32-4855-BE39-B58C6BD7AB06}.Debug|iPhoneSimulator.ActiveCfg = Debug|iPhoneSimulator
		{726BEDA7-5E32-4855-BE39-B58C6BD7AB06}.Debug|iPhoneSimulator.Build.0 = Debug|iPhoneSimulator
		{726BEDA7-5E32-4855-BE39-B58C6BD7AB06}.Debug|iPhoneSimulator.Deploy.0 = Debug|iPhoneSimulator
		{726BEDA7-5E32-4855-BE39-B58C6BD7AB06}.Release|Any CPU.ActiveCfg = Release|iPhoneSimulator
		{726BEDA7-5E32-4855-BE39-B58C6BD7AB06}.Release|Any CPU.Build.0 = Release|iPhoneSimulator
		{726BEDA7-5E32-4855-BE39-B58C6BD7AB06}.Release|Any CPU.Deploy.0 = Release|iPhoneSimulator
		{726BEDA7-5E32-4855-BE39-B58C6BD7AB06}.Release|iPhone.ActiveCfg = Release|iPhone
		{726BEDA7-5E32-4855-BE39-B58C6BD7AB06}.Release|iPhone.Build.0 = Release|iPhone
		{726BEDA7-5E32-4855-BE39-B58C6BD7AB06}.Release|iPhone.Deploy.0 = Release|iPhone
		{726BEDA7-5E32-4855-BE39-B58C6BD7AB06}.Release|iPhoneSimulator.ActiveCfg = Release|iPhoneSimulator
		{726BEDA7-5E32-4855-BE39-B58C6BD7AB06}.Release|iPhoneSimulator.Build.0 = Release|iPhoneSimulator
		{726BEDA7-5E32-4855-BE39-B58C6BD7AB06}.Release|iPhoneSimulator.Deploy.0 = Release|iPhoneSimulator
		{7F782CFB-C7DD-4376-9875-EA0D16F8BD32}.Ad-Hoc|Any CPU.ActiveCfg = Ad-Hoc|Any CPU
		{7F782CFB-C7DD-4376-9875-EA0D16F8BD32}.Ad-Hoc|Any CPU.Build.0 = Ad-Hoc|Any CPU
		{7F782CFB-C7DD-4376-9875-EA0D16F8BD32}.Ad-Hoc|iPhone.ActiveCfg = Ad-Hoc|Any CPU
		{7F782CFB-C7DD-4376-9875-EA0D16F8BD32}.Ad-Hoc|iPhone.Build.0 = Ad-Hoc|Any CPU
		{7F782CFB-C7DD-4376-9875-EA0D16F8BD32}.Ad-Hoc|iPhoneSimulator.ActiveCfg = Ad-Hoc|Any CPU
		{7F782CFB-C7DD-4376-9875-EA0D16F8BD32}.Ad-Hoc|iPhoneSimulator.Build.0 = Ad-Hoc|Any CPU
		{7F782CFB-C7DD-4376-9875-EA0D16F8BD32}.AppStore|Any CPU.ActiveCfg = AppStore|Any CPU
		{7F782CFB-C7DD-4376-9875-EA0D16F8BD32}.AppStore|Any CPU.Build.0 = AppStore|Any CPU
		{7F782CFB-C7DD-4376-9875-EA0D16F8BD32}.AppStore|iPhone.ActiveCfg = AppStore|Any CPU
		{7F782CFB-C7DD-4376-9875-EA0D16F8BD32}.AppStore|iPhone.Build.0 = AppStore|Any CPU
		{7F782CFB-C7DD-4376-9875-EA0D16F8BD32}.AppStore|iPhoneSimulator.ActiveCfg = AppStore|Any CPU
		{7F782CFB-C7DD-4376-9875-EA0D16F8BD32}.AppStore|iPhoneSimulator.Build.0 = AppStore|Any CPU
		{7F782CFB-C7DD-4376-9875-EA0D16F8BD32}.Debug|Any CPU.ActiveCfg = Debug|Any CPU
		{7F782CFB-C7DD-4376-9875-EA0D16F8BD32}.Debug|Any CPU.Build.0 = Debug|Any CPU
		{7F782CFB-C7DD-4376-9875-EA0D16F8BD32}.Debug|Any CPU.Deploy.0 = Debug|Any CPU
		{7F782CFB-C7DD-4376-9875-EA0D16F8BD32}.Debug|iPhone.ActiveCfg = Debug|Any CPU
		{7F782CFB-C7DD-4376-9875-EA0D16F8BD32}.Debug|iPhone.Build.0 = Debug|Any CPU
		{7F782CFB-C7DD-4376-9875-EA0D16F8BD32}.Debug|iPhone.Deploy.0 = Debug|Any CPU
		{7F782CFB-C7DD-4376-9875-EA0D16F8BD32}.Debug|iPhoneSimulator.ActiveCfg = Debug|Any CPU
		{7F782CFB-C7DD-4376-9875-EA0D16F8BD32}.Debug|iPhoneSimulator.Build.0 = Debug|Any CPU
		{7F782CFB-C7DD-4376-9875-EA0D16F8BD32}.Debug|iPhoneSimulator.Deploy.0 = Debug|Any CPU
		{7F782CFB-C7DD-4376-9875-EA0D16F8BD32}.Release|Any CPU.ActiveCfg = Release|Any CPU
		{7F782CFB-C7DD-4376-9875-EA0D16F8BD32}.Release|Any CPU.Build.0 = Release|Any CPU
		{7F782CFB-C7DD-4376-9875-EA0D16F8BD32}.Release|Any CPU.Deploy.0 = Release|Any CPU
		{7F782CFB-C7DD-4376-9875-EA0D16F8BD32}.Release|iPhone.ActiveCfg = Release|Any CPU
		{7F782CFB-C7DD-4376-9875-EA0D16F8BD32}.Release|iPhone.Build.0 = Release|Any CPU
		{7F782CFB-C7DD-4376-9875-EA0D16F8BD32}.Release|iPhone.Deploy.0 = Release|Any CPU
		{7F782CFB-C7DD-4376-9875-EA0D16F8BD32}.Release|iPhoneSimulator.ActiveCfg = Release|Any CPU
		{7F782CFB-C7DD-4376-9875-EA0D16F8BD32}.Release|iPhoneSimulator.Build.0 = Release|Any CPU
		{7F782CFB-C7DD-4376-9875-EA0D16F8BD32}.Release|iPhoneSimulator.Deploy.0 = Release|Any CPU
	EndGlobalSection
	GlobalSection(SolutionProperties) = preSolution
		HideSolutionNode = FALSE
	EndGlobalSection
	GlobalSection(ExtensibilityGlobals) = postSolution
		SolutionGuid = {CACCAE32-3B46-4A64-8D6A-4C41040D6581}
	EndGlobalSection
EndGlobal
